{
  "name": "lesstedious",
  "version": "1.0.0",
  "lockfileVersion": 1,
  "requires": true,
  "dependencies": {
    "@types/events": {
      "version": "1.2.0",
      "resolved": "https://registry.npmjs.org/@types/events/-/events-1.2.0.tgz",
      "integrity": "sha512-KEIlhXnIutzKwRbQkGWb/I4HFqBuUykAdHgDED6xqwXJfONCjF5VoE0cXEiurh3XauygxzeDzgtXUqvLkxFzzA==",
      "dev": true
    },
    "@types/node": {
      "version": "10.3.4",
      "resolved": "https://registry.npmjs.org/@types/node/-/node-10.3.4.tgz",
      "integrity": "sha512-YMLlzdeNnAyLrQew39IFRkMacAR5BqKGIEei9ZjdHsIZtv+ZWKYTu1i7QJhetxQ9ReXx8w5f+cixdHZG3zgMQA==",
      "dev": true
    },
    "@types/tedious": {
      "version": "1.8.33",
      "resolved": "https://registry.npmjs.org/@types/tedious/-/tedious-1.8.33.tgz",
      "integrity": "sha512-G/UocgY+xu+Ab51pz/xuXxUnMLxfmY6o6GSmOu/q9M8yGK/g3CTk+4cGEhUaB/dLlP0dQ/J1OZC3XB6XqneXiQ==",
      "dev": true,
      "requires": {
        "@types/events": "1.2.0",
        "@types/node": "10.3.4"
      }
    }
  }
}
